
Microsoft Visual Studio Solution File, Format Version 12.00
# Visual Studio 15
VisualStudioVersion = 15.0.27130.2024
MinimumVisualStudioVersion = 10.0.40219.1
Project("{2150E333-8FDC-42A3-9474-1A3956D46DE8}") = "Solution Items", "Solution Items", "{23382819-D5CC-435B-803B-2F054D57A42F}"
	ProjectSection(SolutionItems) = preProject
		appveyor.yml = appveyor.yml
		Directory.Build.props = Directory.Build.props
		readme.md = readme.md
	EndProjectSection
EndProject
Project("{2150E333-8FDC-42A3-9474-1A3956D46DE8}") = "src", "src", "{BDB85A9F-DF57-403B-A795-0DE632B9AF84}"
EndProject
Project("{2150E333-8FDC-42A3-9474-1A3956D46DE8}") = "tests", "tests", "{9C1E407B-3DE7-4A01-B29C-260EB1BC9CF4}"
EndProject
Project("{2150E333-8FDC-42A3-9474-1A3956D46DE8}") = "examples", "examples", "{218632BC-2653-4949-B672-243800E00F96}"
EndProject
Project("{FAE04EC0-301F-11D3-BF4B-00C04F79EFBC}") = "KendoGridBinderEx.Examples.Security", "examples\KendoGridBinderEx.Examples.Security\KendoGridBinderEx.Examples.Security.csproj", "{B67D5A1D-8963-43DF-8167-5887CBB73E7F}"
EndProject
Project("{FAE04EC0-301F-11D3-BF4B-00C04F79EFBC}") = "KendoGridBinderEx.Examples.MVC", "examples\KendoGridBinderEx.Examples.MVC\KendoGridBinderEx.Examples.MVC.csproj", "{568C9351-94C2-412A-86BC-F1A10FD4DF01}"
	ProjectSection(ProjectDependencies) = postProject
		{A6727BCD-9A9F-4893-A33A-BD50ACFFDC90} = {A6727BCD-9A9F-4893-A33A-BD50ACFFDC90}
	EndProjectSection
EndProject
Project("{FAE04EC0-301F-11D3-BF4B-00C04F79EFBC}") = "KendoGridBinderEx.Examples.Business", "examples\KendoGridBinderEx.Examples.Business\KendoGridBinderEx.Examples.Business.csproj", "{28B83391-37D5-4DFF-8A32-6D508FB191B8}"
EndProject
Project("{9A19103F-16F7-4668-BE54-9A1E7A4F7556}") = "WebApplication.NETCore2", "examples\WebApplication.NETCore2\WebApplication.NETCore2.csproj", "{710C2C58-4D80-4092-A5C6-B1A9596A7412}"
EndProject
Project("{9A19103F-16F7-4668-BE54-9A1E7A4F7556}") = "KendoGridBinder", "src\KendoGridBinder\KendoGridBinder.csproj", "{A6727BCD-9A9F-4893-A33A-BD50ACFFDC90}"
EndProject
Project("{9A19103F-16F7-4668-BE54-9A1E7A4F7556}") = "KendoGridBinderEx", "src\KendoGridBinderEx\KendoGridBinderEx.csproj", "{7CE167D7-5C1C-4117-B2B4-DC38526FF85F}"
EndProject
Project("{FAE04EC0-301F-11D3-BF4B-00C04F79EFBC}") = "KendoGridBinder.UnitTests", "tests\KendoGridBinderEx.UnitTests\KendoGridBinder.UnitTests.csproj", "{CD4A009C-9133-4A49-BCE0-912FF83E724F}"
EndProject
Project("{FAE04EC0-301F-11D3-BF4B-00C04F79EFBC}") = "KendoGridBinderEx.Examples.Business.UnitTests", "tests\KendoGridBinderEx.Examples.Business.UnitTests\KendoGridBinderEx.Examples.Business.UnitTests.csproj", "{DDC54B74-259B-47E5-A735-8CE528FFD33D}"
EndProject
Project("{9A19103F-16F7-4668-BE54-9A1E7A4F7556}") = "DemoApp", "examples\DemoApp\DemoApp.csproj", "{07187250-6389-47CE-911D-C97CED487C01}"
EndProject
Project("{9A19103F-16F7-4668-BE54-9A1E7A4F7556}") = "KendoGridBinder.AspNetCore", "src\KendoGridBinder.AspNetCore\KendoGridBinder.AspNetCore.csproj", "{2D51216E-D54E-46D0-8A93-42667CF390CD}"
EndProject
Global
	GlobalSection(SolutionConfigurationPlatforms) = preSolution
		Debug|Any CPU = Debug|Any CPU
		Release|Any CPU = Release|Any CPU
	EndGlobalSection
	GlobalSection(ProjectConfigurationPlatforms) = postSolution
		{B67D5A1D-8963-43DF-8167-5887CBB73E7F}.Debug|Any CPU.ActiveCfg = Debug|Any CPU
		{B67D5A1D-8963-43DF-8167-5887CBB73E7F}.Debug|Any CPU.Build.0 = Debug|Any CPU
		{B67D5A1D-8963-43DF-8167-5887CBB73E7F}.Release|Any CPU.ActiveCfg = Release|Any CPU
		{B67D5A1D-8963-43DF-8167-5887CBB73E7F}.Release|Any CPU.Build.0 = Release|Any CPU
		{568C9351-94C2-412A-86BC-F1A10FD4DF01}.Debug|Any CPU.ActiveCfg = Debug|Any CPU
		{568C9351-94C2-412A-86BC-F1A10FD4DF01}.Debug|Any CPU.Build.0 = Debug|Any CPU
		{568C9351-94C2-412A-86BC-F1A10FD4DF01}.Release|Any CPU.ActiveCfg = Release|Any CPU
		{568C9351-94C2-412A-86BC-F1A10FD4DF01}.Release|Any CPU.Build.0 = Release|Any CPU
		{28B83391-37D5-4DFF-8A32-6D508FB191B8}.Debug|Any CPU.ActiveCfg = Debug|Any CPU
		{28B83391-37D5-4DFF-8A32-6D508FB191B8}.Debug|Any CPU.Build.0 = Debug|Any CPU
		{28B83391-37D5-4DFF-8A32-6D508FB191B8}.Release|Any CPU.ActiveCfg = Release|Any CPU
		{28B83391-37D5-4DFF-8A32-6D508FB191B8}.Release|Any CPU.Build.0 = Release|Any CPU
		{710C2C58-4D80-4092-A5C6-B1A9596A7412}.Debug|Any CPU.ActiveCfg = Debug|Any CPU
		{710C2C58-4D80-4092-A5C6-B1A9596A7412}.Debug|Any CPU.Build.0 = Debug|Any CPU
		{710C2C58-4D80-4092-A5C6-B1A9596A7412}.Release|Any CPU.ActiveCfg = Release|Any CPU
		{710C2C58-4D80-4092-A5C6-B1A9596A7412}.Release|Any CPU.Build.0 = Release|Any CPU
		{A6727BCD-9A9F-4893-A33A-BD50ACFFDC90}.Debug|Any CPU.ActiveCfg = Debug|Any CPU
		{A6727BCD-9A9F-4893-A33A-BD50ACFFDC90}.Debug|Any CPU.Build.0 = Debug|Any CPU
		{A6727BCD-9A9F-4893-A33A-BD50ACFFDC90}.Release|Any CPU.ActiveCfg = Release|Any CPU
		{A6727BCD-9A9F-4893-A33A-BD50ACFFDC90}.Release|Any CPU.Build.0 = Release|Any CPU
		{7CE167D7-5C1C-4117-B2B4-DC38526FF85F}.Debug|Any CPU.ActiveCfg = Debug|Any CPU
		{7CE167D7-5C1C-4117-B2B4-DC38526FF85F}.Debug|Any CPU.Build.0 = Debug|Any CPU
		{7CE167D7-5C1C-4117-B2B4-DC38526FF85F}.Release|Any CPU.ActiveCfg = Release|Any CPU
		{7CE167D7-5C1C-4117-B2B4-DC38526FF85F}.Release|Any CPU.Build.0 = Release|Any CPU
		{CD4A009C-9133-4A49-BCE0-912FF83E724F}.Debug|Any CPU.ActiveCfg = Debug|Any CPU
		{CD4A009C-9133-4A49-BCE0-912FF83E724F}.Debug|Any CPU.Build.0 = Debug|Any CPU
		{CD4A009C-9133-4A49-BCE0-912FF83E724F}.Release|Any CPU.ActiveCfg = Release|Any CPU
		{CD4A009C-9133-4A49-BCE0-912FF83E724F}.Release|Any CPU.Build.0 = Release|Any CPU
		{DDC54B74-259B-47E5-A735-8CE528FFD33D}.Debug|Any CPU.ActiveCfg = Debug|Any CPU
		{DDC54B74-259B-47E5-A735-8CE528FFD33D}.Debug|Any CPU.Build.0 = Debug|Any CPU
		{DDC54B74-259B-47E5-A735-8CE528FFD33D}.Release|Any CPU.ActiveCfg = Release|Any CPU
		{DDC54B74-259B-47E5-A735-8CE528FFD33D}.Release|Any CPU.Build.0 = Release|Any CPU
		{07187250-6389-47CE-911D-C97CED487C01}.Debug|Any CPU.ActiveCfg = Debug|Any CPU
		{07187250-6389-47CE-911D-C97CED487C01}.Debug|Any CPU.Build.0 = Debug|Any CPU
		{07187250-6389-47CE-911D-C97CED487C01}.Release|Any CPU.ActiveCfg = Release|Any CPU
		{07187250-6389-47CE-911D-C97CED487C01}.Release|Any CPU.Build.0 = Release|Any CPU
		{2D51216E-D54E-46D0-8A93-42667CF390CD}.Debug|Any CPU.ActiveCfg = Debug|Any CPU
		{2D51216E-D54E-46D0-8A93-42667CF390CD}.Debug|Any CPU.Build.0 = Debug|Any CPU
		{2D51216E-D54E-46D0-8A93-42667CF390CD}.Release|Any CPU.ActiveCfg = Release|Any CPU
		{2D51216E-D54E-46D0-8A93-42667CF390CD}.Release|Any CPU.Build.0 = Release|Any CPU
	EndGlobalSection
	GlobalSection(SolutionProperties) = preSolution
		HideSolutionNode = FALSE
	EndGlobalSection
	GlobalSection(NestedProjects) = preSolution
		{B67D5A1D-8963-43DF-8167-5887CBB73E7F} = {218632BC-2653-4949-B672-243800E00F96}
		{568C9351-94C2-412A-86BC-F1A10FD4DF01} = {218632BC-2653-4949-B672-243800E00F96}
		{28B83391-37D5-4DFF-8A32-6D508FB191B8} = {218632BC-2653-4949-B672-243800E00F96}
		{710C2C58-4D80-4092-A5C6-B1A9596A7412} = {218632BC-2653-4949-B672-243800E00F96}
		{A6727BCD-9A9F-4893-A33A-BD50ACFFDC90} = {BDB85A9F-DF57-403B-A795-0DE632B9AF84}
		{7CE167D7-5C1C-4117-B2B4-DC38526FF85F} = {BDB85A9F-DF57-403B-A795-0DE632B9AF84}
		{CD4A009C-9133-4A49-BCE0-912FF83E724F} = {9C1E407B-3DE7-4A01-B29C-260EB1BC9CF4}
		{DDC54B74-259B-47E5-A735-8CE528FFD33D} = {9C1E407B-3DE7-4A01-B29C-260EB1BC9CF4}
		{07187250-6389-47CE-911D-C97CED487C01} = {218632BC-2653-4949-B672-243800E00F96}
		{2D51216E-D54E-46D0-8A93-42667CF390CD} = {BDB85A9F-DF57-403B-A795-0DE632B9AF84}
	EndGlobalSection
	GlobalSection(ExtensibilityGlobals) = postSolution
		EnterpriseLibraryConfigurationToolBinariesPath = packages\Unity.2.1.505.2\lib\NET35
		SolutionGuid = {2982E497-A6B9-490F-9DF2-4B5C03B9536E}
	EndGlobalSection
EndGlobal
